dependencies:
- name: elasticsearch
  repository: https://helm.elastic.co
  version: 7.4.1
- name: rabbitmq
  repository: https://kubernetes-charts.storage.googleapis.com/
  version: 6.17.5
digest: sha256:179f4e9ea8c5b9814afab0e62e4e6633862036ade249f0d5caad81ff2229ef90
generated: "2020-03-18T13:29:18.229377586Z"
