dependencies:
- name: mariadb
  repository: https://charts.bitnami.com/bitnami
  version: 7.10.4
- name: elasticsearch
  repository: file://../elasticsearch
  version: 7.8.2
- name: rabbitmq
  repository: https://charts.bitnami.com/bitnami
  version: 6.17.5
- name: mongodb
  repository: https://charts.bitnami.com/bitnami
  version: 10.26.4
- name: silta-release
  repository: file://../silta-release
  version: 0.1.1
digest: sha256:b4f6e33c2d4109fca9726498df6f52b0c667f0db3fc038c4ccb7c89ac9f5884b
generated: "2022-04-21T16:25:02.133186687+03:00"
