dependencies:
- name: mariadb
  repository: https://storage.googleapis.com/charts.wdr.io
  version: 7.10.4
- name: elasticsearch
  repository: file://../elasticsearch
  version: 8.5.1
- name: matomo
  repository: file://../matomo
  version: 3.0.2
- name: rabbitmq
  repository: https://storage.googleapis.com/charts.wdr.io
  version: 6.17.5
- name: mongodb
  repository: https://storage.googleapis.com/charts.wdr.io
  version: 10.26.4
- name: silta-release
  repository: file://../silta-release
  version: 1.0.0
digest: sha256:3da7c748aebed689f10c00746ec084bcbdf69186cce623dd4b8064cca65d2b73
generated: "2023-11-06T16:23:34.477868+02:00"
