dependencies:
- name: elasticsearch
  repository: https://helm.elastic.co
  version: 7.4.1
- name: rabbitmq
  repository: https://kubernetes-charts.storage.googleapis.com
  version: 6.17.5
digest: sha256:fdd94f7363ade228769e6e5c345e5f6b16d9c21d6b9308fe2dcf063833600895
generated: "2020-04-01T17:21:49.936481+02:00"
